// !$*UTF8*$!
{
	archiveVersion = 1;
	classes = {
	};
	objectVersion = 50;
	objects = {

/* Begin PBXBuildFile section */
		84200FB1221D9ECB0072F833 /* User.swift in Sources */ = {isa = PBXBuildFile; fileRef = 84200FB0221D9ECB0072F833 /* User.swift */; };
		84200FB3221F263C0072F833 /* Post.swift in Sources */ = {isa = PBXBuildFile; fileRef = 84200FB2221F263C0072F833 /* Post.swift */; };
		84587C2B21F76A47004D0CF7 /* ProfileController.swift in Sources */ = {isa = PBXBuildFile; fileRef = 84587C2A21F76A47004D0CF7 /* ProfileController.swift */; };
		84587C2D21F76B70004D0CF7 /* WritePostController.swift in Sources */ = {isa = PBXBuildFile; fileRef = 84587C2C21F76B70004D0CF7 /* WritePostController.swift */; };
		84587C2F21F772A3004D0CF7 /* RegisterController.swift in Sources */ = {isa = PBXBuildFile; fileRef = 84587C2E21F772A3004D0CF7 /* RegisterController.swift */; };
		84587C3121F77B14004D0CF7 /* LoginController.swift in Sources */ = {isa = PBXBuildFile; fileRef = 84587C3021F77B14004D0CF7 /* LoginController.swift */; };
		8491D78F221C5B2C00189511 /* GoogleService-Info.plist in Resources */ = {isa = PBXBuildFile; fileRef = 8491D78E221C5B2C00189511 /* GoogleService-Info.plist */; };
		8491D790221C5B2C00189511 /* GoogleService-Info.plist in Resources */ = {isa = PBXBuildFile; fileRef = 8491D78E221C5B2C00189511 /* GoogleService-Info.plist */; };
		8491D791221C5B2C00189511 /* GoogleService-Info.plist in Resources */ = {isa = PBXBuildFile; fileRef = 8491D78E221C5B2C00189511 /* GoogleService-Info.plist */; };
		849780852225CE5D00FA1767 /* VisiblityExtension.swift in Sources */ = {isa = PBXBuildFile; fileRef = 849780842225CE5D00FA1767 /* VisiblityExtension.swift */; };
		849F4E4121EA540F000DDB71 /* AppDelegate.swift in Sources */ = {isa = PBXBuildFile; fileRef = 849F4E4021EA540F000DDB71 /* AppDelegate.swift */; };
		849F4E4321EA540F000DDB71 /* ViewController.swift in Sources */ = {isa = PBXBuildFile; fileRef = 849F4E4221EA540F000DDB71 /* ViewController.swift */; };
		849F4E4621EA540F000DDB71 /* Main.storyboard in Resources */ = {isa = PBXBuildFile; fileRef = 849F4E4421EA540F000DDB71 /* Main.storyboard */; };
		849F4E4821EA5411000DDB71 /* Assets.xcassets in Resources */ = {isa = PBXBuildFile; fileRef = 849F4E4721EA5411000DDB71 /* Assets.xcassets */; };
		849F4E4B21EA5411000DDB71 /* LaunchScreen.storyboard in Resources */ = {isa = PBXBuildFile; fileRef = 849F4E4921EA5411000DDB71 /* LaunchScreen.storyboard */; };
		849F4E5621EA5411000DDB71 /* iWareTests.swift in Sources */ = {isa = PBXBuildFile; fileRef = 849F4E5521EA5411000DDB71 /* iWareTests.swift */; };
		849F4E6121EA5411000DDB71 /* iWareUITests.swift in Sources */ = {isa = PBXBuildFile; fileRef = 849F4E6021EA5411000DDB71 /* iWareUITests.swift */; };
		849F4E7A21EE6A34000DDB71 /* MainViewController.swift in Sources */ = {isa = PBXBuildFile; fileRef = 849F4E7921EE6A34000DDB71 /* MainViewController.swift */; };
		84E38AEC222453E4003EA6CA /* .gitignore in Resources */ = {isa = PBXBuildFile; fileRef = 84E38AEB222453E4003EA6CA /* .gitignore */; };
		84E7C1DB222946690020C51F /* LoginInfo.swift in Sources */ = {isa = PBXBuildFile; fileRef = 84E7C1D9222946690020C51F /* LoginInfo.swift */; };
		84E7C1DC222946690020C51F /* FirebaseService.swift in Sources */ = {isa = PBXBuildFile; fileRef = 84E7C1DA222946690020C51F /* FirebaseService.swift */; };
		84E7C1E3222A90100020C51F /* Utils.swift in Sources */ = {isa = PBXBuildFile; fileRef = 84E7C1E2222A90100020C51F /* Utils.swift */; };
		84E7C1E5222A90300020C51F /* PostCell.swift in Sources */ = {isa = PBXBuildFile; fileRef = 84E7C1E4222A90300020C51F /* PostCell.swift */; };
		C395D64538276A59472461B3 /* Pods_iWare.framework in Frameworks */ = {isa = PBXBuildFile; fileRef = 43608AFDE19B28180679765B /* Pods_iWare.framework */; };
/* End PBXBuildFile section */

/* Begin PBXContainerItemProxy section */
		849F4E5221EA5411000DDB71 /* PBXContainerItemProxy */ = {
			isa = PBXContainerItemProxy;
			containerPortal = 849F4E3521EA540F000DDB71 /* Project object */;
			proxyType = 1;
			remoteGlobalIDString = 849F4E3C21EA540F000DDB71;
			remoteInfo = iWare;
		};
		849F4E5D21EA5411000DDB71 /* PBXContainerItemProxy */ = {
			isa = PBXContainerItemProxy;
			containerPortal = 849F4E3521EA540F000DDB71 /* Project object */;
			proxyType = 1;
			remoteGlobalIDString = 849F4E3C21EA540F000DDB71;
			remoteInfo = iWare;
		};
/* End PBXContainerItemProxy section */

/* Begin PBXFileReference section */
		2177530BF8EACB3BCBFA85E6 /* Pods-iWare.release.xcconfig */ = {isa = PBXFileReference; includeInIndex = 1; lastKnownFileType = text.xcconfig; name = "Pods-iWare.release.xcconfig"; path = "Pods/Target Support Files/Pods-iWare/Pods-iWare.release.xcconfig"; sourceTree = "<group>"; };
		304B1EDF22A4E079F6C7BD41 /* Pods_iWareTests.framework */ = {isa = PBXFileReference; explicitFileType = wrapper.framework; includeInIndex = 0; path = Pods_iWareTests.framework; sourceTree = BUILT_PRODUCTS_DIR; };
		43608AFDE19B28180679765B /* Pods_iWare.framework */ = {isa = PBXFileReference; explicitFileType = wrapper.framework; includeInIndex = 0; path = Pods_iWare.framework; sourceTree = BUILT_PRODUCTS_DIR; };
		84200FB0221D9ECB0072F833 /* User.swift */ = {isa = PBXFileReference; lastKnownFileType = sourcecode.swift; path = User.swift; sourceTree = "<group>"; };
		84200FB2221F263C0072F833 /* Post.swift */ = {isa = PBXFileReference; lastKnownFileType = sourcecode.swift; path = Post.swift; sourceTree = "<group>"; };
		84587C2A21F76A47004D0CF7 /* ProfileController.swift */ = {isa = PBXFileReference; lastKnownFileType = sourcecode.swift; path = ProfileController.swift; sourceTree = "<group>"; };
		84587C2C21F76B70004D0CF7 /* WritePostController.swift */ = {isa = PBXFileReference; lastKnownFileType = sourcecode.swift; path = WritePostController.swift; sourceTree = "<group>"; };
		84587C2E21F772A3004D0CF7 /* RegisterController.swift */ = {isa = PBXFileReference; lastKnownFileType = sourcecode.swift; path = RegisterController.swift; sourceTree = "<group>"; };
		84587C3021F77B14004D0CF7 /* LoginController.swift */ = {isa = PBXFileReference; lastKnownFileType = sourcecode.swift; path = LoginController.swift; sourceTree = "<group>"; };
		8491D78E221C5B2C00189511 /* GoogleService-Info.plist */ = {isa = PBXFileReference; fileEncoding = 4; lastKnownFileType = text.plist.xml; path = "GoogleService-Info.plist"; sourceTree = "<group>"; };
		849780842225CE5D00FA1767 /* VisiblityExtension.swift */ = {isa = PBXFileReference; lastKnownFileType = sourcecode.swift; path = VisiblityExtension.swift; sourceTree = "<group>"; };
		849F4E3D21EA540F000DDB71 /* iWare.app */ = {isa = PBXFileReference; explicitFileType = wrapper.application; includeInIndex = 0; path = iWare.app; sourceTree = BUILT_PRODUCTS_DIR; };
		849F4E4021EA540F000DDB71 /* AppDelegate.swift */ = {isa = PBXFileReference; lastKnownFileType = sourcecode.swift; path = AppDelegate.swift; sourceTree = "<group>"; };
		849F4E4221EA540F000DDB71 /* ViewController.swift */ = {isa = PBXFileReference; lastKnownFileType = sourcecode.swift; path = ViewController.swift; sourceTree = "<group>"; };
		849F4E4521EA540F000DDB71 /* Base */ = {isa = PBXFileReference; lastKnownFileType = file.storyboard; name = Base; path = Base.lproj/Main.storyboard; sourceTree = "<group>"; };
		849F4E4721EA5411000DDB71 /* Assets.xcassets */ = {isa = PBXFileReference; lastKnownFileType = folder.assetcatalog; path = Assets.xcassets; sourceTree = "<group>"; };
		849F4E4A21EA5411000DDB71 /* Base */ = {isa = PBXFileReference; lastKnownFileType = file.storyboard; name = Base; path = Base.lproj/LaunchScreen.storyboard; sourceTree = "<group>"; };
		849F4E4C21EA5411000DDB71 /* Info.plist */ = {isa = PBXFileReference; lastKnownFileType = text.plist.xml; path = Info.plist; sourceTree = "<group>"; };
		849F4E5121EA5411000DDB71 /* iWareTests.xctest */ = {isa = PBXFileReference; explicitFileType = wrapper.cfbundle; includeInIndex = 0; path = iWareTests.xctest; sourceTree = BUILT_PRODUCTS_DIR; };
		849F4E5521EA5411000DDB71 /* iWareTests.swift */ = {isa = PBXFileReference; lastKnownFileType = sourcecode.swift; path = iWareTests.swift; sourceTree = "<group>"; };
		849F4E5721EA5411000DDB71 /* Info.plist */ = {isa = PBXFileReference; lastKnownFileType = text.plist.xml; path = Info.plist; sourceTree = "<group>"; };
		849F4E5C21EA5411000DDB71 /* iWareUITests.xctest */ = {isa = PBXFileReference; explicitFileType = wrapper.cfbundle; includeInIndex = 0; path = iWareUITests.xctest; sourceTree = BUILT_PRODUCTS_DIR; };
		849F4E6021EA5411000DDB71 /* iWareUITests.swift */ = {isa = PBXFileReference; lastKnownFileType = sourcecode.swift; path = iWareUITests.swift; sourceTree = "<group>"; };
		849F4E6221EA5411000DDB71 /* Info.plist */ = {isa = PBXFileReference; lastKnownFileType = text.plist.xml; path = Info.plist; sourceTree = "<group>"; };
		849F4E6E21EBA3C7000DDB71 /* iWare-Bridging-Header.h */ = {isa = PBXFileReference; lastKnownFileType = sourcecode.c.h; path = "iWare-Bridging-Header.h"; sourceTree = "<group>"; };
		849F4E7921EE6A34000DDB71 /* MainViewController.swift */ = {isa = PBXFileReference; lastKnownFileType = sourcecode.swift; path = MainViewController.swift; sourceTree = "<group>"; };
		84E38AEB222453E4003EA6CA /* .gitignore */ = {isa = PBXFileReference; lastKnownFileType = text; path = .gitignore; sourceTree = "<group>"; };
		84E7C1D9222946690020C51F /* LoginInfo.swift */ = {isa = PBXFileReference; fileEncoding = 4; lastKnownFileType = sourcecode.swift; name = LoginInfo.swift; path = iWare/Services/LoginInfo.swift; sourceTree = SOURCE_ROOT; };
		84E7C1DA222946690020C51F /* FirebaseService.swift */ = {isa = PBXFileReference; fileEncoding = 4; lastKnownFileType = sourcecode.swift; name = FirebaseService.swift; path = iWare/Services/FirebaseService.swift; sourceTree = SOURCE_ROOT; };
		84E7C1E2222A90100020C51F /* Utils.swift */ = {isa = PBXFileReference; fileEncoding = 4; lastKnownFileType = sourcecode.swift; name = Utils.swift; path = iWare/Services/Utils.swift; sourceTree = SOURCE_ROOT; };
		84E7C1E4222A90300020C51F /* PostCell.swift */ = {isa = PBXFileReference; fileEncoding = 4; lastKnownFileType = sourcecode.swift; path = PostCell.swift; sourceTree = "<group>"; };
		BBB3165B484C8E6B62E3DCF6 /* Pods_iWareUITests.framework */ = {isa = PBXFileReference; explicitFileType = wrapper.framework; includeInIndex = 0; path = Pods_iWareUITests.framework; sourceTree = BUILT_PRODUCTS_DIR; };
		E56AF934B64241484FD2BD3A /* Pods-iWare.debug.xcconfig */ = {isa = PBXFileReference; includeInIndex = 1; lastKnownFileType = text.xcconfig; name = "Pods-iWare.debug.xcconfig"; path = "Pods/Target Support Files/Pods-iWare/Pods-iWare.debug.xcconfig"; sourceTree = "<group>"; };
/* End PBXFileReference section */

/* Begin PBXFrameworksBuildPhase section */
		849F4E3A21EA540F000DDB71 /* Frameworks */ = {
			isa = PBXFrameworksBuildPhase;
			buildActionMask = 2147483647;
			files = (
				C395D64538276A59472461B3 /* Pods_iWare.framework in Frameworks */,
			);
			runOnlyForDeploymentPostprocessing = 0;
		};
		849F4E4E21EA5411000DDB71 /* Frameworks */ = {
			isa = PBXFrameworksBuildPhase;
			buildActionMask = 2147483647;
			files = (
			);
			runOnlyForDeploymentPostprocessing = 0;
		};
		849F4E5921EA5411000DDB71 /* Frameworks */ = {
			isa = PBXFrameworksBuildPhase;
			buildActionMask = 2147483647;
			files = (
			);
			runOnlyForDeploymentPostprocessing = 0;
		};
/* End PBXFrameworksBuildPhase section */

/* Begin PBXGroup section */
		84200FAF221D9E6C0072F833 /* Models */ = {
			isa = PBXGroup;
			children = (
				84200FB0221D9ECB0072F833 /* User.swift */,
				84200FB2221F263C0072F833 /* Post.swift */,
			);
			path = Models;
			sourceTree = "<group>";
		};
		84200FBA221F2EB80072F833 /* Services */ = {
			isa = PBXGroup;
			children = (
				84E7C1E2222A90100020C51F /* Utils.swift */,
				84E7C1DA222946690020C51F /* FirebaseService.swift */,
				84E7C1D9222946690020C51F /* LoginInfo.swift */,
			);
			name = Services;
			path = "New Group1";
			sourceTree = "<group>";
		};
		849780832225CE3E00FA1767 /* Extensions */ = {
			isa = PBXGroup;
			children = (
				849780842225CE5D00FA1767 /* VisiblityExtension.swift */,
			);
			path = Extensions;
			sourceTree = "<group>";
		};
		849F4E3421EA540F000DDB71 = {
			isa = PBXGroup;
			children = (
				84E38AEB222453E4003EA6CA /* .gitignore */,
				84587C3021F77B14004D0CF7 /* LoginController.swift */,
				84587C2E21F772A3004D0CF7 /* RegisterController.swift */,
				84587C2C21F76B70004D0CF7 /* WritePostController.swift */,
				84587C2A21F76A47004D0CF7 /* ProfileController.swift */,
				849F4E3F21EA540F000DDB71 /* iWare */,
				849F4E5421EA5411000DDB71 /* iWareTests */,
				849F4E5F21EA5411000DDB71 /* iWareUITests */,
				849F4E3E21EA540F000DDB71 /* Products */,
				F6405D99F20432B6155BB244 /* Pods */,
				C075CA0A3F60218B3ACE7580 /* Frameworks */,
			);
			sourceTree = "<group>";
		};
		849F4E3E21EA540F000DDB71 /* Products */ = {
			isa = PBXGroup;
			children = (
				849F4E3D21EA540F000DDB71 /* iWare.app */,
				849F4E5121EA5411000DDB71 /* iWareTests.xctest */,
				849F4E5C21EA5411000DDB71 /* iWareUITests.xctest */,
			);
			name = Products;
			sourceTree = "<group>";
		};
		849F4E3F21EA540F000DDB71 /* iWare */ = {
			isa = PBXGroup;
			children = (
				84E7C1DD222949890020C51F /* CustomViews */,
				849780832225CE3E00FA1767 /* Extensions */,
				84200FBA221F2EB80072F833 /* Services */,
				84200FAF221D9E6C0072F833 /* Models */,
				8491D78E221C5B2C00189511 /* GoogleService-Info.plist */,
				849F4E4021EA540F000DDB71 /* AppDelegate.swift */,
				849F4E4221EA540F000DDB71 /* ViewController.swift */,
				849F4E7921EE6A34000DDB71 /* MainViewController.swift */,
				849F4E4421EA540F000DDB71 /* Main.storyboard */,
				849F4E4721EA5411000DDB71 /* Assets.xcassets */,
				849F4E4921EA5411000DDB71 /* LaunchScreen.storyboard */,
				849F4E4C21EA5411000DDB71 /* Info.plist */,
				849F4E6E21EBA3C7000DDB71 /* iWare-Bridging-Header.h */,
			);
			path = iWare;
			sourceTree = "<group>";
		};
		849F4E5421EA5411000DDB71 /* iWareTests */ = {
			isa = PBXGroup;
			children = (
				849F4E5521EA5411000DDB71 /* iWareTests.swift */,
				849F4E5721EA5411000DDB71 /* Info.plist */,
			);
			path = iWareTests;
			sourceTree = "<group>";
		};
		849F4E5F21EA5411000DDB71 /* iWareUITests */ = {
			isa = PBXGroup;
			children = (
				849F4E6021EA5411000DDB71 /* iWareUITests.swift */,
				849F4E6221EA5411000DDB71 /* Info.plist */,
			);
			path = iWareUITests;
			sourceTree = "<group>";
		};
		84E7C1DD222949890020C51F /* CustomViews */ = {
			isa = PBXGroup;
			children = (
				84E7C1E4222A90300020C51F /* PostCell.swift */,
			);
			path = CustomViews;
			sourceTree = "<group>";
		};
		C075CA0A3F60218B3ACE7580 /* Frameworks */ = {
			isa = PBXGroup;
			children = (
				43608AFDE19B28180679765B /* Pods_iWare.framework */,
				304B1EDF22A4E079F6C7BD41 /* Pods_iWareTests.framework */,
				BBB3165B484C8E6B62E3DCF6 /* Pods_iWareUITests.framework */,
			);
			name = Frameworks;
			sourceTree = "<group>";
		};
		F6405D99F20432B6155BB244 /* Pods */ = {
			isa = PBXGroup;
			children = (
				E56AF934B64241484FD2BD3A /* Pods-iWare.debug.xcconfig */,
				2177530BF8EACB3BCBFA85E6 /* Pods-iWare.release.xcconfig */,
			);
			name = Pods;
			sourceTree = "<group>";
		};
/* End PBXGroup section */

/* Begin PBXNativeTarget section */
		849F4E3C21EA540F000DDB71 /* iWare */ = {
			isa = PBXNativeTarget;
			buildConfigurationList = 849F4E6521EA5411000DDB71 /* Build configuration list for PBXNativeTarget "iWare" */;
			buildPhases = (
				7F3450BDFA468CAC00122EA4 /* [CP] Check Pods Manifest.lock */,
				849F4E3921EA540F000DDB71 /* Sources */,
				849F4E3A21EA540F000DDB71 /* Frameworks */,
				849F4E3B21EA540F000DDB71 /* Resources */,
				650DF1AAC3752A6F85387929 /* [CP] Embed Pods Frameworks */,
			);
			buildRules = (
			);
			dependencies = (
			);
			name = iWare;
			productName = iWare;
			productReference = 849F4E3D21EA540F000DDB71 /* iWare.app */;
			productType = "com.apple.product-type.application";
		};
		849F4E5021EA5411000DDB71 /* iWareTests */ = {
			isa = PBXNativeTarget;
			buildConfigurationList = 849F4E6821EA5411000DDB71 /* Build configuration list for PBXNativeTarget "iWareTests" */;
			buildPhases = (
				849F4E4D21EA5411000DDB71 /* Sources */,
				849F4E4E21EA5411000DDB71 /* Frameworks */,
				849F4E4F21EA5411000DDB71 /* Resources */,
			);
			buildRules = (
			);
			dependencies = (
				849F4E5321EA5411000DDB71 /* PBXTargetDependency */,
			);
			name = iWareTests;
			productName = iWareTests;
			productReference = 849F4E5121EA5411000DDB71 /* iWareTests.xctest */;
			productType = "com.apple.product-type.bundle.unit-test";
		};
		849F4E5B21EA5411000DDB71 /* iWareUITests */ = {
			isa = PBXNativeTarget;
			buildConfigurationList = 849F4E6B21EA5411000DDB71 /* Build configuration list for PBXNativeTarget "iWareUITests" */;
			buildPhases = (
				849F4E5821EA5411000DDB71 /* Sources */,
				849F4E5921EA5411000DDB71 /* Frameworks */,
				849F4E5A21EA5411000DDB71 /* Resources */,
			);
			buildRules = (
			);
			dependencies = (
				849F4E5E21EA5411000DDB71 /* PBXTargetDependency */,
			);
			name = iWareUITests;
			productName = iWareUITests;
			productReference = 849F4E5C21EA5411000DDB71 /* iWareUITests.xctest */;
			productType = "com.apple.product-type.bundle.ui-testing";
		};
/* End PBXNativeTarget section */

/* Begin PBXProject section */
		849F4E3521EA540F000DDB71 /* Project object */ = {
			isa = PBXProject;
			attributes = {
				LastSwiftUpdateCheck = 1000;
				LastUpgradeCheck = 1000;
				ORGANIZATIONNAME = admin;
				TargetAttributes = {
					849F4E3C21EA540F000DDB71 = {
						CreatedOnToolsVersion = 10.0;
						LastSwiftMigration = 1000;
					};
					849F4E5021EA5411000DDB71 = {
						CreatedOnToolsVersion = 10.0;
						TestTargetID = 849F4E3C21EA540F000DDB71;
					};
					849F4E5B21EA5411000DDB71 = {
						CreatedOnToolsVersion = 10.0;
						TestTargetID = 849F4E3C21EA540F000DDB71;
					};
				};
			};
			buildConfigurationList = 849F4E3821EA540F000DDB71 /* Build configuration list for PBXProject "iWare" */;
			compatibilityVersion = "Xcode 9.3";
			developmentRegion = en;
			hasScannedForEncodings = 0;
			knownRegions = (
				en,
				Base,
			);
			mainGroup = 849F4E3421EA540F000DDB71;
			productRefGroup = 849F4E3E21EA540F000DDB71 /* Products */;
			projectDirPath = "";
			projectRoot = "";
			targets = (
				849F4E3C21EA540F000DDB71 /* iWare */,
				849F4E5021EA5411000DDB71 /* iWareTests */,
				849F4E5B21EA5411000DDB71 /* iWareUITests */,
			);
		};
/* End PBXProject section */

/* Begin PBXResourcesBuildPhase section */
		849F4E3B21EA540F000DDB71 /* Resources */ = {
			isa = PBXResourcesBuildPhase;
			buildActionMask = 2147483647;
			files = (
				84E38AEC222453E4003EA6CA /* .gitignore in Resources */,
				849F4E4B21EA5411000DDB71 /* LaunchScreen.storyboard in Resources */,
				8491D78F221C5B2C00189511 /* GoogleService-Info.plist in Resources */,
				849F4E4821EA5411000DDB71 /* Assets.xcassets in Resources */,
				849F4E4621EA540F000DDB71 /* Main.storyboard in Resources */,
			);
			runOnlyForDeploymentPostprocessing = 0;
		};
		849F4E4F21EA5411000DDB71 /* Resources */ = {
			isa = PBXResourcesBuildPhase;
			buildActionMask = 2147483647;
			files = (
				8491D790221C5B2C00189511 /* GoogleService-Info.plist in Resources */,
			);
			runOnlyForDeploymentPostprocessing = 0;
		};
		849F4E5A21EA5411000DDB71 /* Resources */ = {
			isa = PBXResourcesBuildPhase;
			buildActionMask = 2147483647;
			files = (
				8491D791221C5B2C00189511 /* GoogleService-Info.plist in Resources */,
			);
			runOnlyForDeploymentPostprocessing = 0;
		};
/* End PBXResourcesBuildPhase section */

/* Begin PBXShellScriptBuildPhase section */
		650DF1AAC3752A6F85387929 /* [CP] Embed Pods Frameworks */ = {
			isa = PBXShellScriptBuildPhase;
			buildActionMask = 2147483647;
			files = (
			);
			inputPaths = (
				"${SRCROOT}/Pods/Target Support Files/Pods-iWare/Pods-iWare-frameworks.sh",
				"${BUILT_PRODUCTS_DIR}/GTMSessionFetcher/GTMSessionFetcher.framework",
				"${BUILT_PRODUCTS_DIR}/GoogleUtilities/GoogleUtilities.framework",
				"${BUILT_PRODUCTS_DIR}/leveldb-library/leveldb.framework",
				"${BUILT_PRODUCTS_DIR}/nanopb/nanopb.framework",
			);
			name = "[CP] Embed Pods Frameworks";
			outputPaths = (
				"${TARGET_BUILD_DIR}/${FRAMEWORKS_FOLDER_PATH}/GTMSessionFetcher.framework",
				"${TARGET_BUILD_DIR}/${FRAMEWORKS_FOLDER_PATH}/GoogleUtilities.framework",
				"${TARGET_BUILD_DIR}/${FRAMEWORKS_FOLDER_PATH}/leveldb.framework",
				"${TARGET_BUILD_DIR}/${FRAMEWORKS_FOLDER_PATH}/nanopb.framework",
			);
			runOnlyForDeploymentPostprocessing = 0;
			shellPath = /bin/sh;
			shellScript = "\"${SRCROOT}/Pods/Target Support Files/Pods-iWare/Pods-iWare-frameworks.sh\"\n";
			showEnvVarsInLog = 0;
		};
		7F3450BDFA468CAC00122EA4 /* [CP] Check Pods Manifest.lock */ = {
			isa = PBXShellScriptBuildPhase;
			buildActionMask = 2147483647;
			files = (
			);
			inputPaths = (
				"${PODS_PODFILE_DIR_PATH}/Podfile.lock",
				"${PODS_ROOT}/Manifest.lock",
			);
			name = "[CP] Check Pods Manifest.lock";
			outputPaths = (
				"$(DERIVED_FILE_DIR)/Pods-iWare-checkManifestLockResult.txt",
			);
			runOnlyForDeploymentPostprocessing = 0;
			shellPath = /bin/sh;
			shellScript = "diff \"${PODS_PODFILE_DIR_PATH}/Podfile.lock\" \"${PODS_ROOT}/Manifest.lock\" > /dev/null\nif [ $? != 0 ] ; then\n    # print error to STDERR\n    echo \"error: The sandbox is not in sync with the Podfile.lock. Run 'pod install' or update your CocoaPods installation.\" >&2\n    exit 1\nfi\n# This output is used by Xcode 'outputs' to avoid re-running this script phase.\necho \"SUCCESS\" > \"${SCRIPT_OUTPUT_FILE_0}\"\n";
			showEnvVarsInLog = 0;
		};
/* End PBXShellScriptBuildPhase section */

/* Begin PBXSourcesBuildPhase section */
		849F4E3921EA540F000DDB71 /* Sources */ = {
			isa = PBXSourcesBuildPhase;
			buildActionMask = 2147483647;
			files = (
				849F4E7A21EE6A34000DDB71 /* MainViewController.swift in Sources */,
				84587C2D21F76B70004D0CF7 /* WritePostController.swift in Sources */,
				84587C2F21F772A3004D0CF7 /* RegisterController.swift in Sources */,
				84E7C1E3222A90100020C51F /* Utils.swift in Sources */,
				84E7C1DB222946690020C51F /* LoginInfo.swift in Sources */,
				849780852225CE5D00FA1767 /* VisiblityExtension.swift in Sources */,
				849F4E4321EA540F000DDB71 /* ViewController.swift in Sources */,
				84E7C1E5222A90300020C51F /* PostCell.swift in Sources */,
				84200FB1221D9ECB0072F833 /* User.swift in Sources */,
				84E7C1DC222946690020C51F /* FirebaseService.swift in Sources */,
				849F4E4121EA540F000DDB71 /* AppDelegate.swift in Sources */,
				84200FB3221F263C0072F833 /* Post.swift in Sources */,
				84587C2B21F76A47004D0CF7 /* ProfileController.swift in Sources */,
				84587C3121F77B14004D0CF7 /* LoginController.swift in Sources */,
			);
			runOnlyForDeploymentPostprocessing = 0;
		};
		849F4E4D21EA5411000DDB71 /* Sources */ = {
			isa = PBXSourcesBuildPhase;
			buildActionMask = 2147483647;
			files = (
				849F4E5621EA5411000DDB71 /* iWareTests.swift in Sources */,
			);
			runOnlyForDeploymentPostprocessing = 0;
		};
		849F4E5821EA5411000DDB71 /* Sources */ = {
			isa = PBXSourcesBuildPhase;
			buildActionMask = 2147483647;
			files = (
				849F4E6121EA5411000DDB71 /* iWareUITests.swift in Sources */,
			);
			runOnlyForDeploymentPostprocessing = 0;
		};
/* End PBXSourcesBuildPhase section */

/* Begin PBXTargetDependency section */
		849F4E5321EA5411000DDB71 /* PBXTargetDependency */ = {
			isa = PBXTargetDependency;
			target = 849F4E3C21EA540F000DDB71 /* iWare */;
			targetProxy = 849F4E5221EA5411000DDB71 /* PBXContainerItemProxy */;
		};
		849F4E5E21EA5411000DDB71 /* PBXTargetDependency */ = {
			isa = PBXTargetDependency;
			target = 849F4E3C21EA540F000DDB71 /* iWare */;
			targetProxy = 849F4E5D21EA5411000DDB71 /* PBXContainerItemProxy */;
		};
/* End PBXTargetDependency section */

/* Begin PBXVariantGroup section */
		849F4E4421EA540F000DDB71 /* Main.storyboard */ = {
			isa = PBXVariantGroup;
			children = (
				849F4E4521EA540F000DDB71 /* Base */,
			);
			name = Main.storyboard;
			sourceTree = "<group>";
		};
		849F4E4921EA5411000DDB71 /* LaunchScreen.storyboard */ = {
			isa = PBXVariantGroup;
			children = (
				849F4E4A21EA5411000DDB71 /* Base */,
			);
			name = LaunchScreen.storyboard;
			sourceTree = "<group>";
		};
/* End PBXVariantGroup section */

/* Begin XCBuildConfiguration section */
		849F4E6321EA5411000DDB71 /* Debug */ = {
			isa = XCBuildConfiguration;
			buildSettings = {
				ALWAYS_SEARCH_USER_PATHS = NO;
				CLANG_ANALYZER_NONNULL = YES;
				CLANG_ANALYZER_NUMBER_OBJECT_CONVERSION = YES_AGGRESSIVE;
				CLANG_CXX_LANGUAGE_STANDARD = "gnu++14";
				CLANG_CXX_LIBRARY = "libc++";
				CLANG_ENABLE_MODULES = YES;
				CLANG_ENABLE_OBJC_ARC = YES;
				CLANG_ENABLE_OBJC_WEAK = YES;
				CLANG_WARN_BLOCK_CAPTURE_AUTORELEASING = YES;
				CLANG_WARN_BOOL_CONVERSION = YES;
				CLANG_WARN_COMMA = YES;
				CLANG_WARN_CONSTANT_CONVERSION = YES;
				CLANG_WARN_DEPRECATED_OBJC_IMPLEMENTATIONS = YES;
				CLANG_WARN_DIRECT_OBJC_ISA_USAGE = YES_ERROR;
				CLANG_WARN_DOCUMENTATION_COMMENTS = YES;
				CLANG_WARN_EMPTY_BODY = YES;
				CLANG_WARN_ENUM_CONVERSION = YES;
				CLANG_WARN_INFINITE_RECURSION = YES;
				CLANG_WARN_INT_CONVERSION = YES;
				CLANG_WARN_NON_LITERAL_NULL_CONVERSION = YES;
				CLANG_WARN_OBJC_IMPLICIT_RETAIN_SELF = YES;
				CLANG_WARN_OBJC_LITERAL_CONVERSION = YES;
				CLANG_WARN_OBJC_ROOT_CLASS = YES_ERROR;
				CLANG_WARN_RANGE_LOOP_ANALYSIS = YES;
				CLANG_WARN_STRICT_PROTOTYPES = YES;
				CLANG_WARN_SUSPICIOUS_MOVE = YES;
				CLANG_WARN_UNGUARDED_AVAILABILITY = YES_AGGRESSIVE;
				CLANG_WARN_UNREACHABLE_CODE = YES;
				CLANG_WARN__DUPLICATE_METHOD_MATCH = YES;
				CODE_SIGN_IDENTITY = "iPhone Developer";
				COPY_PHASE_STRIP = NO;
				DEBUG_INFORMATION_FORMAT = dwarf;
				ENABLE_STRICT_OBJC_MSGSEND = YES;
				ENABLE_TESTABILITY = YES;
				GCC_C_LANGUAGE_STANDARD = gnu11;
				GCC_DYNAMIC_NO_PIC = NO;
				GCC_NO_COMMON_BLOCKS = YES;
				GCC_OPTIMIZATION_LEVEL = 0;
				GCC_PREPROCESSOR_DEFINITIONS = (
					"DEBUG=1",
					"$(inherited)",
				);
				GCC_WARN_64_TO_32_BIT_CONVERSION = YES;
				GCC_WARN_ABOUT_RETURN_TYPE = YES_ERROR;
				GCC_WARN_UNDECLARED_SELECTOR = YES;
				GCC_WARN_UNINITIALIZED_AUTOS = YES_AGGRESSIVE;
				GCC_WARN_UNUSED_FUNCTION = YES;
				GCC_WARN_UNUSED_VARIABLE = YES;
				IPHONEOS_DEPLOYMENT_TARGET = 12.0;
				MTL_ENABLE_DEBUG_INFO = INCLUDE_SOURCE;
				MTL_FAST_MATH = YES;
				ONLY_ACTIVE_ARCH = YES;
				SDKROOT = iphoneos;
				SWIFT_ACTIVE_COMPILATION_CONDITIONS = DEBUG;
				SWIFT_OPTIMIZATION_LEVEL = "-Onone";
			};
			name = Debug;
		};
		849F4E6421EA5411000DDB71 /* Release */ = {
			isa = XCBuildConfiguration;
			buildSettings = {
				ALWAYS_SEARCH_USER_PATHS = NO;
				CLANG_ANALYZER_NONNULL = YES;
				CLANG_ANALYZER_NUMBER_OBJECT_CONVERSION = YES_AGGRESSIVE;
				CLANG_CXX_LANGUAGE_STANDARD = "gnu++14";
				CLANG_CXX_LIBRARY = "libc++";
				CLANG_ENABLE_MODULES = YES;
				CLANG_ENABLE_OBJC_ARC = YES;
				CLANG_ENABLE_OBJC_WEAK = YES;
				CLANG_WARN_BLOCK_CAPTURE_AUTORELEASING = YES;
				CLANG_WARN_BOOL_CONVERSION = YES;
				CLANG_WARN_COMMA = YES;
				CLANG_WARN_CONSTANT_CONVERSION = YES;
				CLANG_WARN_DEPRECATED_OBJC_IMPLEMENTATIONS = YES;
				CLANG_WARN_DIRECT_OBJC_ISA_USAGE = YES_ERROR;
				CLANG_WARN_DOCUMENTATION_COMMENTS = YES;
				CLANG_WARN_EMPTY_BODY = YES;
				CLANG_WARN_ENUM_CONVERSION = YES;
				CLANG_WARN_INFINITE_RECURSION = YES;
				CLANG_WARN_INT_CONVERSION = YES;
				CLANG_WARN_NON_LITERAL_NULL_CONVERSION = YES;
				CLANG_WARN_OBJC_IMPLICIT_RETAIN_SELF = YES;
				CLANG_WARN_OBJC_LITERAL_CONVERSION = YES;
				CLANG_WARN_OBJC_ROOT_CLASS = YES_ERROR;
				CLANG_WARN_RANGE_LOOP_ANALYSIS = YES;
				CLANG_WARN_STRICT_PROTOTYPES = YES;
				CLANG_WARN_SUSPICIOUS_MOVE = YES;
				CLANG_WARN_UNGUARDED_AVAILABILITY = YES_AGGRESSIVE;
				CLANG_WARN_UNREACHABLE_CODE = YES;
				CLANG_WARN__DUPLICATE_METHOD_MATCH = YES;
				CODE_SIGN_IDENTITY = "iPhone Developer";
				COPY_PHASE_STRIP = NO;
				DEBUG_INFORMATION_FORMAT = "dwarf-with-dsym";
				ENABLE_NS_ASSERTIONS = NO;
				ENABLE_STRICT_OBJC_MSGSEND = YES;
				GCC_C_LANGUAGE_STANDARD = gnu11;
				GCC_NO_COMMON_BLOCKS = YES;
				GCC_WARN_64_TO_32_BIT_CONVERSION = YES;
				GCC_WARN_ABOUT_RETURN_TYPE = YES_ERROR;
				GCC_WARN_UNDECLARED_SELECTOR = YES;
				GCC_WARN_UNINITIALIZED_AUTOS = YES_AGGRESSIVE;
				GCC_WARN_UNUSED_FUNCTION = YES;
				GCC_WARN_UNUSED_VARIABLE = YES;
				IPHONEOS_DEPLOYMENT_TARGET = 12.0;
				MTL_ENABLE_DEBUG_INFO = NO;
				MTL_FAST_MATH = YES;
				SDKROOT = iphoneos;
				SWIFT_COMPILATION_MODE = wholemodule;
				SWIFT_OPTIMIZATION_LEVEL = "-O";
				VALIDATE_PRODUCT = YES;
			};
			name = Release;
		};
		849F4E6621EA5411000DDB71 /* Debug */ = {
			isa = XCBuildConfiguration;
			baseConfigurationReference = E56AF934B64241484FD2BD3A /* Pods-iWare.debug.xcconfig */;
			buildSettings = {
				ASSETCATALOG_COMPILER_APPICON_NAME = AppIcon;
				CLANG_ENABLE_MODULES = YES;
				CODE_SIGN_STYLE = Automatic;
				INFOPLIST_FILE = iWare/Info.plist;
				LD_RUNPATH_SEARCH_PATHS = (
					"$(inherited)",
					"@executable_path/Frameworks",
				);
				PRODUCT_BUNDLE_IDENTIFIER = "Li-Ron.iWare";
				PRODUCT_NAME = "$(TARGET_NAME)";
				SWIFT_OBJC_BRIDGING_HEADER = "iWare/iWare-Bridging-Header.h";
				SWIFT_OPTIMIZATION_LEVEL = "-Onone";
				SWIFT_VERSION = 4.2;
				TARGETED_DEVICE_FAMILY = "1,2";
			};
			name = Debug;
		};
		849F4E6721EA5411000DDB71 /* Release */ = {
			isa = XCBuildConfiguration;
			baseConfigurationReference = 2177530BF8EACB3BCBFA85E6 /* Pods-iWare.release.xcconfig */;
			buildSettings = {
				ASSETCATALOG_COMPILER_APPICON_NAME = AppIcon;
				CLANG_ENABLE_MODULES = YES;
				CODE_SIGN_STYLE = Automatic;
				INFOPLIST_FILE = iWare/Info.plist;
				LD_RUNPATH_SEARCH_PATHS = (
					"$(inherited)",
					"@executable_path/Frameworks",
				);
				PRODUCT_BUNDLE_IDENTIFIER = "Li-Ron.iWare";
				PRODUCT_NAME = "$(TARGET_NAME)";
				SWIFT_OBJC_BRIDGING_HEADER = "iWare/iWare-Bridging-Header.h";
				SWIFT_VERSION = 4.2;
				TARGETED_DEVICE_FAMILY = "1,2";
			};
			name = Release;
		};
		849F4E6921EA5411000DDB71 /* Debug */ = {
			isa = XCBuildConfiguration;
			buildSettings = {
				ALWAYS_EMBED_SWIFT_STANDARD_LIBRARIES = YES;
				BUNDLE_LOADER = "$(TEST_HOST)";
				CODE_SIGN_STYLE = Automatic;
				INFOPLIST_FILE = iWareTests/Info.plist;
				LD_RUNPATH_SEARCH_PATHS = (
					"$(inherited)",
					"@executable_path/Frameworks",
					"@loader_path/Frameworks",
				);
				PRODUCT_BUNDLE_IDENTIFIER = "Li-Ron.iWareTests";
				PRODUCT_NAME = "$(TARGET_NAME)";
				SWIFT_REFLECTION_METADATA_LEVEL = none;
				SWIFT_VERSION = 4.2;
				TARGETED_DEVICE_FAMILY = "1,2";
				TEST_HOST = "$(BUILT_PRODUCTS_DIR)/iWare.app/iWare";
			};
			name = Debug;
		};
		849F4E6A21EA5411000DDB71 /* Release */ = {
			isa = XCBuildConfiguration;
			buildSettings = {
				ALWAYS_EMBED_SWIFT_STANDARD_LIBRARIES = YES;
				BUNDLE_LOADER = "$(TEST_HOST)";
				CODE_SIGN_STYLE = Automatic;
				INFOPLIST_FILE = iWareTests/Info.plist;
				LD_RUNPATH_SEARCH_PATHS = (
					"$(inherited)",
					"@executable_path/Frameworks",
					"@loader_path/Frameworks",
				);
				PRODUCT_BUNDLE_IDENTIFIER = "Li-Ron.iWareTests";
				PRODUCT_NAME = "$(TARGET_NAME)";
				SWIFT_REFLECTION_METADATA_LEVEL = none;
				SWIFT_VERSION = 4.2;
				TARGETED_DEVICE_FAMILY = "1,2";
				TEST_HOST = "$(BUILT_PRODUCTS_DIR)/iWare.app/iWare";
			};
			name = Release;
		};
		849F4E6C21EA5411000DDB71 /* Debug */ = {
			isa = XCBuildConfiguration;
			buildSettings = {
				ALWAYS_EMBED_SWIFT_STANDARD_LIBRARIES = YES;
				CODE_SIGN_STYLE = Automatic;
				INFOPLIST_FILE = iWareUITests/Info.plist;
				LD_RUNPATH_SEARCH_PATHS = (
					"$(inherited)",
					"@executable_path/Frameworks",
					"@loader_path/Frameworks",
				);
				PRODUCT_BUNDLE_IDENTIFIER = "Li-Ron.iWareUITests";
				PRODUCT_NAME = "$(TARGET_NAME)";
				SWIFT_VERSION = 4.2;
				TARGETED_DEVICE_FAMILY = "1,2";
				TEST_TARGET_NAME = iWare;
			};
			name = Debug;
		};
		849F4E6D21EA5411000DDB71 /* Release */ = {
			isa = XCBuildConfiguration;
			buildSettings = {
				ALWAYS_EMBED_SWIFT_STANDARD_LIBRARIES = YES;
				CODE_SIGN_STYLE = Automatic;
				INFOPLIST_FILE = iWareUITests/Info.plist;
				LD_RUNPATH_SEARCH_PATHS = (
					"$(inherited)",
					"@executable_path/Frameworks",
					"@loader_path/Frameworks",
				);
				PRODUCT_BUNDLE_IDENTIFIER = "Li-Ron.iWareUITests";
				PRODUCT_NAME = "$(TARGET_NAME)";
				SWIFT_VERSION = 4.2;
				TARGETED_DEVICE_FAMILY = "1,2";
				TEST_TARGET_NAME = iWare;
			};
			name = Release;
		};
/* End XCBuildConfiguration section */

/* Begin XCConfigurationList section */
		849F4E3821EA540F000DDB71 /* Build configuration list for PBXProject "iWare" */ = {
			isa = XCConfigurationList;
			buildConfigurations = (
				849F4E6321EA5411000DDB71 /* Debug */,
				849F4E6421EA5411000DDB71 /* Release */,
			);
			defaultConfigurationIsVisible = 0;
			defaultConfigurationName = Release;
		};
		849F4E6521EA5411000DDB71 /* Build configuration list for PBXNativeTarget "iWare" */ = {
			isa = XCConfigurationList;
			buildConfigurations = (
				849F4E6621EA5411000DDB71 /* Debug */,
				849F4E6721EA5411000DDB71 /* Release */,
			);
			defaultConfigurationIsVisible = 0;
			defaultConfigurationName = Release;
		};
		849F4E6821EA5411000DDB71 /* Build configuration list for PBXNativeTarget "iWareTests" */ = {
			isa = XCConfigurationList;
			buildConfigurations = (
				849F4E6921EA5411000DDB71 /* Debug */,
				849F4E6A21EA5411000DDB71 /* Release */,
			);
			defaultConfigurationIsVisible = 0;
			defaultConfigurationName = Release;
		};
		849F4E6B21EA5411000DDB71 /* Build configuration list for PBXNativeTarget "iWareUITests" */ = {
			isa = XCConfigurationList;
			buildConfigurations = (
				849F4E6C21EA5411000DDB71 /* Debug */,
				849F4E6D21EA5411000DDB71 /* Release */,
			);
			defaultConfigurationIsVisible = 0;
			defaultConfigurationName = Release;
		};
/* End XCConfigurationList section */
	};
	rootObject = 849F4E3521EA540F000DDB71 /* Project object */;
}
