// !$*UTF8*$!
{
	archiveVersion = 1;
	classes = {
	};
	objectVersion = 50;
	objects = {

/* Begin PBXBuildFile section */
		849F4E4121EA540F000DDB71 /* AppDelegate.swift in Sources */ = {isa = PBXBuildFile; fileRef = 849F4E4021EA540F000DDB71 /* AppDelegate.swift */; };
		849F4E4321EA540F000DDB71 /* ViewController.swift in Sources */ = {isa = PBXBuildFile; fileRef = 849F4E4221EA540F000DDB71 /* ViewController.swift */; };
		849F4E4621EA540F000DDB71 /* Main.storyboard in Resources */ = {isa = PBXBuildFile; fileRef = 849F4E4421EA540F000DDB71 /* Main.storyboard */; };
		849F4E4821EA5411000DDB71 /* Assets.xcassets in Resources */ = {isa = PBXBuildFile; fileRef = 849F4E4721EA5411000DDB71 /* Assets.xcassets */; };
		849F4E4B21EA5411000DDB71 /* LaunchScreen.storyboard in Resources */ = {isa = PBXBuildFile; fileRef = 849F4E4921EA5411000DDB71 /* LaunchScreen.storyboard */; };
		849F4E5621EA5411000DDB71 /* iWareTests.swift in Sources */ = {isa = PBXBuildFile; fileRef = 849F4E5521EA5411000DDB71 /* iWareTests.swift */; };
		849F4E6121EA5411000DDB71 /* iWareUITests.swift in Sources */ = {isa = PBXBuildFile; fileRef = 849F4E6021EA5411000DDB71 /* iWareUITests.swift */; };
		849F4E7A21EE6A34000DDB71 /* MainViewController.swift in Sources */ = {isa = PBXBuildFile; fileRef = 849F4E7921EE6A34000DDB71 /* MainViewController.swift */; };
/* End PBXBuildFile section */

/* Begin PBXContainerItemProxy section */
		849F4E5221EA5411000DDB71 /* PBXContainerItemProxy */ = {
			isa = PBXContainerItemProxy;
			containerPortal = 849F4E3521EA540F000DDB71 /* Project object */;
			proxyType = 1;
			remoteGlobalIDString = 849F4E3C21EA540F000DDB71;
			remoteInfo = iWare;
		};
		849F4E5D21EA5411000DDB71 /* PBXContainerItemProxy */ = {
			isa = PBXContainerItemProxy;
			containerPortal = 849F4E3521EA540F000DDB71 /* Project object */;
			proxyType = 1;
			remoteGlobalIDString = 849F4E3C21EA540F000DDB71;
			remoteInfo = iWare;
		};
/* End PBXContainerItemProxy section */

/* Begin PBXFileReference section */
		849F4E3D21EA540F000DDB71 /* iWare.app */ = {isa = PBXFileReference; explicitFileType = wrapper.application; includeInIndex = 0; path = iWare.app; sourceTree = BUILT_PRODUCTS_DIR; };
		849F4E4021EA540F000DDB71 /* AppDelegate.swift */ = {isa = PBXFileReference; lastKnownFileType = sourcecode.swift; path = AppDelegate.swift; sourceTree = "<group>"; };
		849F4E4221EA540F000DDB71 /* ViewController.swift */ = {isa = PBXFileReference; lastKnownFileType = sourcecode.swift; path = ViewController.swift; sourceTree = "<group>"; };
		849F4E4521EA540F000DDB71 /* Base */ = {isa = PBXFileReference; lastKnownFileType = file.storyboard; name = Base; path = Base.lproj/Main.storyboard; sourceTree = "<group>"; };
		849F4E4721EA5411000DDB71 /* Assets.xcassets */ = {isa = PBXFileReference; lastKnownFileType = folder.assetcatalog; path = Assets.xcassets; sourceTree = "<group>"; };
		849F4E4A21EA5411000DDB71 /* Base */ = {isa = PBXFileReference; lastKnownFileType = file.storyboard; name = Base; path = Base.lproj/LaunchScreen.storyboard; sourceTree = "<group>"; };
		849F4E4C21EA5411000DDB71 /* Info.plist */ = {isa = PBXFileReference; lastKnownFileType = text.plist.xml; path = Info.plist; sourceTree = "<group>"; };
		849F4E5121EA5411000DDB71 /* iWareTests.xctest */ = {isa = PBXFileReference; explicitFileType = wrapper.cfbundle; includeInIndex = 0; path = iWareTests.xctest; sourceTree = BUILT_PRODUCTS_DIR; };
		849F4E5521EA5411000DDB71 /* iWareTests.swift */ = {isa = PBXFileReference; lastKnownFileType = sourcecode.swift; path = iWareTests.swift; sourceTree = "<group>"; };
		849F4E5721EA5411000DDB71 /* Info.plist */ = {isa = PBXFileReference; lastKnownFileType = text.plist.xml; path = Info.plist; sourceTree = "<group>"; };
		849F4E5C21EA5411000DDB71 /* iWareUITests.xctest */ = {isa = PBXFileReference; explicitFileType = wrapper.cfbundle; includeInIndex = 0; path = iWareUITests.xctest; sourceTree = BUILT_PRODUCTS_DIR; };
		849F4E6021EA5411000DDB71 /* iWareUITests.swift */ = {isa = PBXFileReference; lastKnownFileType = sourcecode.swift; path = iWareUITests.swift; sourceTree = "<group>"; };
		849F4E6221EA5411000DDB71 /* Info.plist */ = {isa = PBXFileReference; lastKnownFileType = text.plist.xml; path = Info.plist; sourceTree = "<group>"; };
		849F4E6E21EBA3C7000DDB71 /* iWare-Bridging-Header.h */ = {isa = PBXFileReference; lastKnownFileType = sourcecode.c.h; path = "iWare-Bridging-Header.h"; sourceTree = "<group>"; };
		849F4E7921EE6A34000DDB71 /* MainViewController.swift */ = {isa = PBXFileReference; lastKnownFileType = sourcecode.swift; path = MainViewController.swift; sourceTree = "<group>"; };
/* End PBXFileReference section */

/* Begin PBXFrameworksBuildPhase section */
		849F4E3A21EA540F000DDB71 /* Frameworks */ = {
			isa = PBXFrameworksBuildPhase;
			buildActionMask = 2147483647;
			files = (
			);
			runOnlyForDeploymentPostprocessing = 0;
		};
		849F4E4E21EA5411000DDB71 /* Frameworks */ = {
			isa = PBXFrameworksBuildPhase;
			buildActionMask = 2147483647;
			files = (
			);
			runOnlyForDeploymentPostprocessing = 0;
		};
		849F4E5921EA5411000DDB71 /* Frameworks */ = {
			isa = PBXFrameworksBuildPhase;
			buildActionMask = 2147483647;
			files = (
			);
			runOnlyForDeploymentPostprocessing = 0;
		};
/* End PBXFrameworksBuildPhase section */

/* Begin PBXGroup section */
		849F4E3421EA540F000DDB71 = {
			isa = PBXGroup;
			children = (
				849F4E3F21EA540F000DDB71 /* iWare */,
				849F4E5421EA5411000DDB71 /* iWareTests */,
				849F4E5F21EA5411000DDB71 /* iWareUITests */,
				849F4E3E21EA540F000DDB71 /* Products */,
			);
			sourceTree = "<group>";
		};
		849F4E3E21EA540F000DDB71 /* Products */ = {
			isa = PBXGroup;
			children = (
				849F4E3D21EA540F000DDB71 /* iWare.app */,
				849F4E5121EA5411000DDB71 /* iWareTests.xctest */,
				849F4E5C21EA5411000DDB71 /* iWareUITests.xctest */,
			);
			name = Products;
			sourceTree = "<group>";
		};
		849F4E3F21EA540F000DDB71 /* iWare */ = {
			isa = PBXGroup;
			children = (
				849F4E4021EA540F000DDB71 /* AppDelegate.swift */,
				849F4E4221EA540F000DDB71 /* ViewController.swift */,
				849F4E4421EA540F000DDB71 /* Main.storyboard */,
				849F4E7921EE6A34000DDB71 /* MainViewController.swift */,
				849F4E4721EA5411000DDB71 /* Assets.xcassets */,
				849F4E4921EA5411000DDB71 /* LaunchScreen.storyboard */,
				849F4E4C21EA5411000DDB71 /* Info.plist */,
				849F4E6E21EBA3C7000DDB71 /* iWare-Bridging-Header.h */,
			);
			path = iWare;
			sourceTree = "<group>";
		};
		849F4E5421EA5411000DDB71 /* iWareTests */ = {
			isa = PBXGroup;
			children = (
				849F4E5521EA5411000DDB71 /* iWareTests.swift */,
				849F4E5721EA5411000DDB71 /* Info.plist */,
			);
			path = iWareTests;
			sourceTree = "<group>";
		};
		849F4E5F21EA5411000DDB71 /* iWareUITests */ = {
			isa = PBXGroup;
			children = (
				849F4E6021EA5411000DDB71 /* iWareUITests.swift */,
				849F4E6221EA5411000DDB71 /* Info.plist */,
			);
			path = iWareUITests;
			sourceTree = "<group>";
		};
/* End PBXGroup section */

/* Begin PBXNativeTarget section */
		849F4E3C21EA540F000DDB71 /* iWare */ = {
			isa = PBXNativeTarget;
			buildConfigurationList = 849F4E6521EA5411000DDB71 /* Build configuration list for PBXNativeTarget "iWare" */;
			buildPhases = (
				849F4E3921EA540F000DDB71 /* Sources */,
				849F4E3A21EA540F000DDB71 /* Frameworks */,
				849F4E3B21EA540F000DDB71 /* Resources */,
			);
			buildRules = (
			);
			dependencies = (
			);
			name = iWare;
			productName = iWare;
			productReference = 849F4E3D21EA540F000DDB71 /* iWare.app */;
			productType = "com.apple.product-type.application";
		};
		849F4E5021EA5411000DDB71 /* iWareTests */ = {
			isa = PBXNativeTarget;
			buildConfigurationList = 849F4E6821EA5411000DDB71 /* Build configuration list for PBXNativeTarget "iWareTests" */;
			buildPhases = (
				849F4E4D21EA5411000DDB71 /* Sources */,
				849F4E4E21EA5411000DDB71 /* Frameworks */,
				849F4E4F21EA5411000DDB71 /* Resources */,
			);
			buildRules = (
			);
			dependencies = (
				849F4E5321EA5411000DDB71 /* PBXTargetDependency */,
			);
			name = iWareTests;
			productName = iWareTests;
			productReference = 849F4E5121EA5411000DDB71 /* iWareTests.xctest */;
			productType = "com.apple.product-type.bundle.unit-test";
		};
		849F4E5B21EA5411000DDB71 /* iWareUITests */ = {
			isa = PBXNativeTarget;
			buildConfigurationList = 849F4E6B21EA5411000DDB71 /* Build configuration list for PBXNativeTarget "iWareUITests" */;
			buildPhases = (
				849F4E5821EA5411000DDB71 /* Sources */,
				849F4E5921EA5411000DDB71 /* Frameworks */,
				849F4E5A21EA5411000DDB71 /* Resources */,
			);
			buildRules = (
			);
			dependencies = (
				849F4E5E21EA5411000DDB71 /* PBXTargetDependency */,
			);
			name = iWareUITests;
			productName = iWareUITests;
			productReference = 849F4E5C21EA5411000DDB71 /* iWareUITests.xctest */;
			productType = "com.apple.product-type.bundle.ui-testing";
		};
/* End PBXNativeTarget section */

/* Begin PBXProject section */
		849F4E3521EA540F000DDB71 /* Project object */ = {
			isa = PBXProject;
			attributes = {
				LastSwiftUpdateCheck = 1000;
				LastUpgradeCheck = 1000;
				ORGANIZATIONNAME = admin;
				TargetAttributes = {
					849F4E3C21EA540F000DDB71 = {
						CreatedOnToolsVersion = 10.0;
						LastSwiftMigration = 1000;
					};
					849F4E5021EA5411000DDB71 = {
						CreatedOnToolsVersion = 10.0;
						TestTargetID = 849F4E3C21EA540F000DDB71;
					};
					849F4E5B21EA5411000DDB71 = {
						CreatedOnToolsVersion = 10.0;
						TestTargetID = 849F4E3C21EA540F000DDB71;
					};
				};
			};
			buildConfigurationList = 849F4E3821EA540F000DDB71 /* Build configuration list for PBXProject "iWare" */;
			compatibilityVersion = "Xcode 9.3";
			developmentRegion = en;
			hasScannedForEncodings = 0;
			knownRegions = (
				en,
				Base,
			);
			mainGroup = 849F4E3421EA540F000DDB71;
			productRefGroup = 849F4E3E21EA540F000DDB71 /* Products */;
			projectDirPath = "";
			projectRoot = "";
			targets = (
				849F4E3C21EA540F000DDB71 /* iWare */,
				849F4E5021EA5411000DDB71 /* iWareTests */,
				849F4E5B21EA5411000DDB71 /* iWareUITests */,
			);
		};
/* End PBXProject section */

/* Begin PBXResourcesBuildPhase section */
		849F4E3B21EA540F000DDB71 /* Resources */ = {
			isa = PBXResourcesBuildPhase;
			buildActionMask = 2147483647;
			files = (
				849F4E4B21EA5411000DDB71 /* LaunchScreen.storyboard in Resources */,
				849F4E4821EA5411000DDB71 /* Assets.xcassets in Resources */,
				849F4E4621EA540F000DDB71 /* Main.storyboard in Resources */,
			);
			runOnlyForDeploymentPostprocessing = 0;
		};
		849F4E4F21EA5411000DDB71 /* Resources */ = {
			isa = PBXResourcesBuildPhase;
			buildActionMask = 2147483647;
			files = (
			);
			runOnlyForDeploymentPostprocessing = 0;
		};
		849F4E5A21EA5411000DDB71 /* Resources */ = {
			isa = PBXResourcesBuildPhase;
			buildActionMask = 2147483647;
			files = (
			);
			runOnlyForDeploymentPostprocessing = 0;
		};
/* End PBXResourcesBuildPhase section */

/* Begin PBXSourcesBuildPhase section */
		849F4E3921EA540F000DDB71 /* Sources */ = {
			isa = PBXSourcesBuildPhase;
			buildActionMask = 2147483647;
			files = (
				849F4E7A21EE6A34000DDB71 /* MainViewController.swift in Sources */,
				849F4E4321EA540F000DDB71 /* ViewController.swift in Sources */,
				849F4E4121EA540F000DDB71 /* AppDelegate.swift in Sources */,
			);
			runOnlyForDeploymentPostprocessing = 0;
		};
		849F4E4D21EA5411000DDB71 /* Sources */ = {
			isa = PBXSourcesBuildPhase;
			buildActionMask = 2147483647;
			files = (
				849F4E5621EA5411000DDB71 /* iWareTests.swift in Sources */,
			);
			runOnlyForDeploymentPostprocessing = 0;
		};
		849F4E5821EA5411000DDB71 /* Sources */ = {
			isa = PBXSourcesBuildPhase;
			buildActionMask = 2147483647;
			files = (
				849F4E6121EA5411000DDB71 /* iWareUITests.swift in Sources */,
			);
			runOnlyForDeploymentPostprocessing = 0;
		};
/* End PBXSourcesBuildPhase section */

/* Begin PBXTargetDependency section */
		849F4E5321EA5411000DDB71 /* PBXTargetDependency */ = {
			isa = PBXTargetDependency;
			target = 849F4E3C21EA540F000DDB71 /* iWare */;
			targetProxy = 849F4E5221EA5411000DDB71 /* PBXContainerItemProxy */;
		};
		849F4E5E21EA5411000DDB71 /* PBXTargetDependency */ = {
			isa = PBXTargetDependency;
			target = 849F4E3C21EA540F000DDB71 /* iWare */;
			targetProxy = 849F4E5D21EA5411000DDB71 /* PBXContainerItemProxy */;
		};
/* End PBXTargetDependency section */

/* Begin PBXVariantGroup section */
		849F4E4421EA540F000DDB71 /* Main.storyboard */ = {
			isa = PBXVariantGroup;
			children = (
				849F4E4521EA540F000DDB71 /* Base */,
			);
			name = Main.storyboard;
			sourceTree = "<group>";
		};
		849F4E4921EA5411000DDB71 /* LaunchScreen.storyboard */ = {
			isa = PBXVariantGroup;
			children = (
				849F4E4A21EA5411000DDB71 /* Base */,
			);
			name = LaunchScreen.storyboard;
			sourceTree = "<group>";
		};
/* End PBXVariantGroup section */

/* Begin XCBuildConfiguration section */
		849F4E6321EA5411000DDB71 /* Debug */ = {
			isa = XCBuildConfiguration;
			buildSettings = {
				ALWAYS_SEARCH_USER_PATHS = NO;
				CLANG_ANALYZER_NONNULL = YES;
				CLANG_ANALYZER_NUMBER_OBJECT_CONVERSION = YES_AGGRESSIVE;
				CLANG_CXX_LANGUAGE_STANDARD = "gnu++14";
				CLANG_CXX_LIBRARY = "libc++";
				CLANG_ENABLE_MODULES = YES;
				CLANG_ENABLE_OBJC_ARC = YES;
				CLANG_ENABLE_OBJC_WEAK = YES;
				CLANG_WARN_BLOCK_CAPTURE_AUTORELEASING = YES;
				CLANG_WARN_BOOL_CONVERSION = YES;
				CLANG_WARN_COMMA = YES;
				CLANG_WARN_CONSTANT_CONVERSION = YES;
				CLANG_WARN_DEPRECATED_OBJC_IMPLEMENTATIONS = YES;
				CLANG_WARN_DIRECT_OBJC_ISA_USAGE = YES_ERROR;
				CLANG_WARN_DOCUMENTATION_COMMENTS = YES;
				CLANG_WARN_EMPTY_BODY = YES;
				CLANG_WARN_ENUM_CONVERSION = YES;
				CLANG_WARN_INFINITE_RECURSION = YES;
				CLANG_WARN_INT_CONVERSION = YES;
				CLANG_WARN_NON_LITERAL_NULL_CONVERSION = YES;
				CLANG_WARN_OBJC_IMPLICIT_RETAIN_SELF = YES;
				CLANG_WARN_OBJC_LITERAL_CONVERSION = YES;
				CLANG_WARN_OBJC_ROOT_CLASS = YES_ERROR;
				CLANG_WARN_RANGE_LOOP_ANALYSIS = YES;
				CLANG_WARN_STRICT_PROTOTYPES = YES;
				CLANG_WARN_SUSPICIOUS_MOVE = YES;
				CLANG_WARN_UNGUARDED_AVAILABILITY = YES_AGGRESSIVE;
				CLANG_WARN_UNREACHABLE_CODE = YES;
				CLANG_WARN__DUPLICATE_METHOD_MATCH = YES;
				CODE_SIGN_IDENTITY = "iPhone Developer";
				COPY_PHASE_STRIP = NO;
				DEBUG_INFORMATION_FORMAT = dwarf;
				ENABLE_STRICT_OBJC_MSGSEND = YES;
				ENABLE_TESTABILITY = YES;
				GCC_C_LANGUAGE_STANDARD = gnu11;
				GCC_DYNAMIC_NO_PIC = NO;
				GCC_NO_COMMON_BLOCKS = YES;
				GCC_OPTIMIZATION_LEVEL = 0;
				GCC_PREPROCESSOR_DEFINITIONS = (
					"DEBUG=1",
					"$(inherited)",
				);
				GCC_WARN_64_TO_32_BIT_CONVERSION = YES;
				GCC_WARN_ABOUT_RETURN_TYPE = YES_ERROR;
				GCC_WARN_UNDECLARED_SELECTOR = YES;
				GCC_WARN_UNINITIALIZED_AUTOS = YES_AGGRESSIVE;
				GCC_WARN_UNUSED_FUNCTION = YES;
				GCC_WARN_UNUSED_VARIABLE = YES;
				IPHONEOS_DEPLOYMENT_TARGET = 12.0;
				MTL_ENABLE_DEBUG_INFO = INCLUDE_SOURCE;
				MTL_FAST_MATH = YES;
				ONLY_ACTIVE_ARCH = YES;
				SDKROOT = iphoneos;
				SWIFT_ACTIVE_COMPILATION_CONDITIONS = DEBUG;
				SWIFT_OPTIMIZATION_LEVEL = "-Onone";
			};
			name = Debug;
		};
		849F4E6421EA5411000DDB71 /* Release */ = {
			isa = XCBuildConfiguration;
			buildSettings = {
				ALWAYS_SEARCH_USER_PATHS = NO;
				CLANG_ANALYZER_NONNULL = YES;
				CLANG_ANALYZER_NUMBER_OBJECT_CONVERSION = YES_AGGRESSIVE;
				CLANG_CXX_LANGUAGE_STANDARD = "gnu++14";
				CLANG_CXX_LIBRARY = "libc++";
				CLANG_ENABLE_MODULES = YES;
				CLANG_ENABLE_OBJC_ARC = YES;
				CLANG_ENABLE_OBJC_WEAK = YES;
				CLANG_WARN_BLOCK_CAPTURE_AUTORELEASING = YES;
				CLANG_WARN_BOOL_CONVERSION = YES;
				CLANG_WARN_COMMA = YES;
				CLANG_WARN_CONSTANT_CONVERSION = YES;
				CLANG_WARN_DEPRECATED_OBJC_IMPLEMENTATIONS = YES;
				CLANG_WARN_DIRECT_OBJC_ISA_USAGE = YES_ERROR;
				CLANG_WARN_DOCUMENTATION_COMMENTS = YES;
				CLANG_WARN_EMPTY_BODY = YES;
				CLANG_WARN_ENUM_CONVERSION = YES;
				CLANG_WARN_INFINITE_RECURSION = YES;
				CLANG_WARN_INT_CONVERSION = YES;
				CLANG_WARN_NON_LITERAL_NULL_CONVERSION = YES;
				CLANG_WARN_OBJC_IMPLICIT_RETAIN_SELF = YES;
				CLANG_WARN_OBJC_LITERAL_CONVERSION = YES;
				CLANG_WARN_OBJC_ROOT_CLASS = YES_ERROR;
				CLANG_WARN_RANGE_LOOP_ANALYSIS = YES;
				CLANG_WARN_STRICT_PROTOTYPES = YES;
				CLANG_WARN_SUSPICIOUS_MOVE = YES;
				CLANG_WARN_UNGUARDED_AVAILABILITY = YES_AGGRESSIVE;
				CLANG_WARN_UNREACHABLE_CODE = YES;
				CLANG_WARN__DUPLICATE_METHOD_MATCH = YES;
				CODE_SIGN_IDENTITY = "iPhone Developer";
				COPY_PHASE_STRIP = NO;
				DEBUG_INFORMATION_FORMAT = "dwarf-with-dsym";
				ENABLE_NS_ASSERTIONS = NO;
				ENABLE_STRICT_OBJC_MSGSEND = YES;
				GCC_C_LANGUAGE_STANDARD = gnu11;
				GCC_NO_COMMON_BLOCKS = YES;
				GCC_WARN_64_TO_32_BIT_CONVERSION = YES;
				GCC_WARN_ABOUT_RETURN_TYPE = YES_ERROR;
				GCC_WARN_UNDECLARED_SELECTOR = YES;
				GCC_WARN_UNINITIALIZED_AUTOS = YES_AGGRESSIVE;
				GCC_WARN_UNUSED_FUNCTION = YES;
				GCC_WARN_UNUSED_VARIABLE = YES;
				IPHONEOS_DEPLOYMENT_TARGET = 12.0;
				MTL_ENABLE_DEBUG_INFO = NO;
				MTL_FAST_MATH = YES;
				SDKROOT = iphoneos;
				SWIFT_COMPILATION_MODE = wholemodule;
				SWIFT_OPTIMIZATION_LEVEL = "-O";
				VALIDATE_PRODUCT = YES;
			};
			name = Release;
		};
		849F4E6621EA5411000DDB71 /* Debug */ = {
			isa = XCBuildConfiguration;
			buildSettings = {
				ASSETCATALOG_COMPILER_APPICON_NAME = AppIcon;
				CLANG_ENABLE_MODULES = YES;
				CODE_SIGN_STYLE = Automatic;
				INFOPLIST_FILE = iWare/Info.plist;
				LD_RUNPATH_SEARCH_PATHS = (
					"$(inherited)",
					"@executable_path/Frameworks",
				);
				PRODUCT_BUNDLE_IDENTIFIER = "Li-Ron.iWare";
				PRODUCT_NAME = "$(TARGET_NAME)";
				SWIFT_OBJC_BRIDGING_HEADER = "iWare/iWare-Bridging-Header.h";
				SWIFT_OPTIMIZATION_LEVEL = "-Onone";
				SWIFT_VERSION = 4.2;
				TARGETED_DEVICE_FAMILY = "1,2";
			};
			name = Debug;
		};
		849F4E6721EA5411000DDB71 /* Release */ = {
			isa = XCBuildConfiguration;
			buildSettings = {
				ASSETCATALOG_COMPILER_APPICON_NAME = AppIcon;
				CLANG_ENABLE_MODULES = YES;
				CODE_SIGN_STYLE = Automatic;
				INFOPLIST_FILE = iWare/Info.plist;
				LD_RUNPATH_SEARCH_PATHS = (
					"$(inherited)",
					"@executable_path/Frameworks",
				);
				PRODUCT_BUNDLE_IDENTIFIER = "Li-Ron.iWare";
				PRODUCT_NAME = "$(TARGET_NAME)";
				SWIFT_OBJC_BRIDGING_HEADER = "iWare/iWare-Bridging-Header.h";
				SWIFT_VERSION = 4.2;
				TARGETED_DEVICE_FAMILY = "1,2";
			};
			name = Release;
		};
		849F4E6921EA5411000DDB71 /* Debug */ = {
			isa = XCBuildConfiguration;
			buildSettings = {
				ALWAYS_EMBED_SWIFT_STANDARD_LIBRARIES = YES;
				BUNDLE_LOADER = "$(TEST_HOST)";
				CODE_SIGN_STYLE = Automatic;
				INFOPLIST_FILE = iWareTests/Info.plist;
				LD_RUNPATH_SEARCH_PATHS = (
					"$(inherited)",
					"@executable_path/Frameworks",
					"@loader_path/Frameworks",
				);
				PRODUCT_BUNDLE_IDENTIFIER = "Li-Ron.iWareTests";
				PRODUCT_NAME = "$(TARGET_NAME)";
				SWIFT_VERSION = 4.2;
				TARGETED_DEVICE_FAMILY = "1,2";
				TEST_HOST = "$(BUILT_PRODUCTS_DIR)/iWare.app/iWare";
			};
			name = Debug;
		};
		849F4E6A21EA5411000DDB71 /* Release */ = {
			isa = XCBuildConfiguration;
			buildSettings = {
				ALWAYS_EMBED_SWIFT_STANDARD_LIBRARIES = YES;
				BUNDLE_LOADER = "$(TEST_HOST)";
				CODE_SIGN_STYLE = Automatic;
				INFOPLIST_FILE = iWareTests/Info.plist;
				LD_RUNPATH_SEARCH_PATHS = (
					"$(inherited)",
					"@executable_path/Frameworks",
					"@loader_path/Frameworks",
				);
				PRODUCT_BUNDLE_IDENTIFIER = "Li-Ron.iWareTests";
				PRODUCT_NAME = "$(TARGET_NAME)";
				SWIFT_VERSION = 4.2;
				TARGETED_DEVICE_FAMILY = "1,2";
				TEST_HOST = "$(BUILT_PRODUCTS_DIR)/iWare.app/iWare";
			};
			name = Release;
		};
		849F4E6C21EA5411000DDB71 /* Debug */ = {
			isa = XCBuildConfiguration;
			buildSettings = {
				ALWAYS_EMBED_SWIFT_STANDARD_LIBRARIES = YES;
				CODE_SIGN_STYLE = Automatic;
				INFOPLIST_FILE = iWareUITests/Info.plist;
				LD_RUNPATH_SEARCH_PATHS = (
					"$(inherited)",
					"@executable_path/Frameworks",
					"@loader_path/Frameworks",
				);
				PRODUCT_BUNDLE_IDENTIFIER = "Li-Ron.iWareUITests";
				PRODUCT_NAME = "$(TARGET_NAME)";
				SWIFT_VERSION = 4.2;
				TARGETED_DEVICE_FAMILY = "1,2";
				TEST_TARGET_NAME = iWare;
			};
			name = Debug;
		};
		849F4E6D21EA5411000DDB71 /* Release */ = {
			isa = XCBuildConfiguration;
			buildSettings = {
				ALWAYS_EMBED_SWIFT_STANDARD_LIBRARIES = YES;
				CODE_SIGN_STYLE = Automatic;
				INFOPLIST_FILE = iWareUITests/Info.plist;
				LD_RUNPATH_SEARCH_PATHS = (
					"$(inherited)",
					"@executable_path/Frameworks",
					"@loader_path/Frameworks",
				);
				PRODUCT_BUNDLE_IDENTIFIER = "Li-Ron.iWareUITests";
				PRODUCT_NAME = "$(TARGET_NAME)";
				SWIFT_VERSION = 4.2;
				TARGETED_DEVICE_FAMILY = "1,2";
				TEST_TARGET_NAME = iWare;
			};
			name = Release;
		};
/* End XCBuildConfiguration section */

/* Begin XCConfigurationList section */
		849F4E3821EA540F000DDB71 /* Build configuration list for PBXProject "iWare" */ = {
			isa = XCConfigurationList;
			buildConfigurations = (
				849F4E6321EA5411000DDB71 /* Debug */,
				849F4E6421EA5411000DDB71 /* Release */,
			);
			defaultConfigurationIsVisible = 0;
			defaultConfigurationName = Release;
		};
		849F4E6521EA5411000DDB71 /* Build configuration list for PBXNativeTarget "iWare" */ = {
			isa = XCConfigurationList;
			buildConfigurations = (
				849F4E6621EA5411000DDB71 /* Debug */,
				849F4E6721EA5411000DDB71 /* Release */,
			);
			defaultConfigurationIsVisible = 0;
			defaultConfigurationName = Release;
		};
		849F4E6821EA5411000DDB71 /* Build configuration list for PBXNativeTarget "iWareTests" */ = {
			isa = XCConfigurationList;
			buildConfigurations = (
				849F4E6921EA5411000DDB71 /* Debug */,
				849F4E6A21EA5411000DDB71 /* Release */,
			);
			defaultConfigurationIsVisible = 0;
			defaultConfigurationName = Release;
		};
		849F4E6B21EA5411000DDB71 /* Build configuration list for PBXNativeTarget "iWareUITests" */ = {
			isa = XCConfigurationList;
			buildConfigurations = (
				849F4E6C21EA5411000DDB71 /* Debug */,
				849F4E6D21EA5411000DDB71 /* Release */,
			);
			defaultConfigurationIsVisible = 0;
			defaultConfigurationName = Release;
		};
/* End XCConfigurationList section */
	};
	rootObject = 849F4E3521EA540F000DDB71 /* Project object */;
}
